// !$*UTF8*$!
{
	archiveVersion = 1;
	classes = {
	};
	objectVersion = 55;
	objects = {

/* Begin PBXBuildFile section */
		840E065A28C462C3007C69FC /* Astro.swift in Sources */ = {isa = PBXBuildFile; fileRef = 840E065128C462C2007C69FC /* Astro.swift */; };
		840E065B28C462C3007C69FC /* Location.swift in Sources */ = {isa = PBXBuildFile; fileRef = 840E065228C462C2007C69FC /* Location.swift */; };
		840E065C28C462C3007C69FC /* Current.swift in Sources */ = {isa = PBXBuildFile; fileRef = 840E065328C462C2007C69FC /* Current.swift */; };
		840E065D28C462C3007C69FC /* Condition.swift in Sources */ = {isa = PBXBuildFile; fileRef = 840E065428C462C3007C69FC /* Condition.swift */; };
		840E065E28C462C3007C69FC /* Forecast.swift in Sources */ = {isa = PBXBuildFile; fileRef = 840E065528C462C3007C69FC /* Forecast.swift */; };
		840E065F28C462C3007C69FC /* Hour.swift in Sources */ = {isa = PBXBuildFile; fileRef = 840E065628C462C3007C69FC /* Hour.swift */; };
		840E066028C462C3007C69FC /* Forecastday.swift in Sources */ = {isa = PBXBuildFile; fileRef = 840E065728C462C3007C69FC /* Forecastday.swift */; };
		840E066128C462C3007C69FC /* Weather.swift in Sources */ = {isa = PBXBuildFile; fileRef = 840E065828C462C3007C69FC /* Weather.swift */; };
		840E066228C462C3007C69FC /* Day.swift in Sources */ = {isa = PBXBuildFile; fileRef = 840E065928C462C3007C69FC /* Day.swift */; };
		84F4B01128C3D0D10047FC6D /* AppDelegate.swift in Sources */ = {isa = PBXBuildFile; fileRef = 84F4B01028C3D0D10047FC6D /* AppDelegate.swift */; };
		84F4B01328C3D0D10047FC6D /* SceneDelegate.swift in Sources */ = {isa = PBXBuildFile; fileRef = 84F4B01228C3D0D10047FC6D /* SceneDelegate.swift */; };
		84F4B01528C3D0D10047FC6D /* ViewController.swift in Sources */ = {isa = PBXBuildFile; fileRef = 84F4B01428C3D0D10047FC6D /* ViewController.swift */; };
		84F4B01D28C3D0D80047FC6D /* Assets.xcassets in Resources */ = {isa = PBXBuildFile; fileRef = 84F4B01C28C3D0D80047FC6D /* Assets.xcassets */; };
		84F4B02028C3D0D80047FC6D /* LaunchScreen.storyboard in Resources */ = {isa = PBXBuildFile; fileRef = 84F4B01E28C3D0D80047FC6D /* LaunchScreen.storyboard */; };
		84F4B02B28C3D0D80047FC6D /* Weather_App_TaskTests.swift in Sources */ = {isa = PBXBuildFile; fileRef = 84F4B02A28C3D0D80047FC6D /* Weather_App_TaskTests.swift */; };
		84F4B03528C3D0D80047FC6D /* Weather_App_TaskUITests.swift in Sources */ = {isa = PBXBuildFile; fileRef = 84F4B03428C3D0D80047FC6D /* Weather_App_TaskUITests.swift */; };
		84F4B03728C3D0D80047FC6D /* Weather_App_TaskUITestsLaunchTests.swift in Sources */ = {isa = PBXBuildFile; fileRef = 84F4B03628C3D0D80047FC6D /* Weather_App_TaskUITestsLaunchTests.swift */; };
		84F4B04428C3D2910047FC6D /* ApiServices.swift in Sources */ = {isa = PBXBuildFile; fileRef = 84F4B04328C3D2910047FC6D /* ApiServices.swift */; };
		84F4B04828C3D3380047FC6D /* Extension.swift in Sources */ = {isa = PBXBuildFile; fileRef = 84F4B04728C3D3380047FC6D /* Extension.swift */; };
/* End PBXBuildFile section */

/* Begin PBXContainerItemProxy section */
		84F4B02728C3D0D80047FC6D /* PBXContainerItemProxy */ = {
			isa = PBXContainerItemProxy;
			containerPortal = 84F4B00528C3D0D10047FC6D /* Project object */;
			proxyType = 1;
			remoteGlobalIDString = 84F4B00C28C3D0D10047FC6D;
			remoteInfo = "Weather App Task";
		};
		84F4B03128C3D0D80047FC6D /* PBXContainerItemProxy */ = {
			isa = PBXContainerItemProxy;
			containerPortal = 84F4B00528C3D0D10047FC6D /* Project object */;
			proxyType = 1;
			remoteGlobalIDString = 84F4B00C28C3D0D10047FC6D;
			remoteInfo = "Weather App Task";
		};
/* End PBXContainerItemProxy section */

/* Begin PBXFileReference section */
		840E065128C462C2007C69FC /* Astro.swift */ = {isa = PBXFileReference; fileEncoding = 4; lastKnownFileType = sourcecode.swift; path = Astro.swift; sourceTree = "<group>"; };
		840E065228C462C2007C69FC /* Location.swift */ = {isa = PBXFileReference; fileEncoding = 4; lastKnownFileType = sourcecode.swift; path = Location.swift; sourceTree = "<group>"; };
		840E065328C462C2007C69FC /* Current.swift */ = {isa = PBXFileReference; fileEncoding = 4; lastKnownFileType = sourcecode.swift; path = Current.swift; sourceTree = "<group>"; };
		840E065428C462C3007C69FC /* Condition.swift */ = {isa = PBXFileReference; fileEncoding = 4; lastKnownFileType = sourcecode.swift; path = Condition.swift; sourceTree = "<group>"; };
		840E065528C462C3007C69FC /* Forecast.swift */ = {isa = PBXFileReference; fileEncoding = 4; lastKnownFileType = sourcecode.swift; path = Forecast.swift; sourceTree = "<group>"; };
		840E065628C462C3007C69FC /* Hour.swift */ = {isa = PBXFileReference; fileEncoding = 4; lastKnownFileType = sourcecode.swift; path = Hour.swift; sourceTree = "<group>"; };
		840E065728C462C3007C69FC /* Forecastday.swift */ = {isa = PBXFileReference; fileEncoding = 4; lastKnownFileType = sourcecode.swift; path = Forecastday.swift; sourceTree = "<group>"; };
		840E065828C462C3007C69FC /* Weather.swift */ = {isa = PBXFileReference; fileEncoding = 4; lastKnownFileType = sourcecode.swift; path = Weather.swift; sourceTree = "<group>"; };
		840E065928C462C3007C69FC /* Day.swift */ = {isa = PBXFileReference; fileEncoding = 4; lastKnownFileType = sourcecode.swift; path = Day.swift; sourceTree = "<group>"; };
		84F4B00D28C3D0D10047FC6D /* Weather App Task.app */ = {isa = PBXFileReference; explicitFileType = wrapper.application; includeInIndex = 0; path = "Weather App Task.app"; sourceTree = BUILT_PRODUCTS_DIR; };
		84F4B01028C3D0D10047FC6D /* AppDelegate.swift */ = {isa = PBXFileReference; lastKnownFileType = sourcecode.swift; path = AppDelegate.swift; sourceTree = "<group>"; };
		84F4B01228C3D0D10047FC6D /* SceneDelegate.swift */ = {isa = PBXFileReference; lastKnownFileType = sourcecode.swift; path = SceneDelegate.swift; sourceTree = "<group>"; };
		84F4B01428C3D0D10047FC6D /* ViewController.swift */ = {isa = PBXFileReference; lastKnownFileType = sourcecode.swift; path = ViewController.swift; sourceTree = "<group>"; };
		84F4B01C28C3D0D80047FC6D /* Assets.xcassets */ = {isa = PBXFileReference; lastKnownFileType = folder.assetcatalog; path = Assets.xcassets; sourceTree = "<group>"; };
		84F4B01F28C3D0D80047FC6D /* Base */ = {isa = PBXFileReference; lastKnownFileType = file.storyboard; name = Base; path = Base.lproj/LaunchScreen.storyboard; sourceTree = "<group>"; };
		84F4B02128C3D0D80047FC6D /* Info.plist */ = {isa = PBXFileReference; lastKnownFileType = text.plist.xml; path = Info.plist; sourceTree = "<group>"; };
		84F4B02628C3D0D80047FC6D /* Weather App TaskTests.xctest */ = {isa = PBXFileReference; explicitFileType = wrapper.cfbundle; includeInIndex = 0; path = "Weather App TaskTests.xctest"; sourceTree = BUILT_PRODUCTS_DIR; };
		84F4B02A28C3D0D80047FC6D /* Weather_App_TaskTests.swift */ = {isa = PBXFileReference; lastKnownFileType = sourcecode.swift; path = Weather_App_TaskTests.swift; sourceTree = "<group>"; };
		84F4B03028C3D0D80047FC6D /* Weather App TaskUITests.xctest */ = {isa = PBXFileReference; explicitFileType = wrapper.cfbundle; includeInIndex = 0; path = "Weather App TaskUITests.xctest"; sourceTree = BUILT_PRODUCTS_DIR; };
		84F4B03428C3D0D80047FC6D /* Weather_App_TaskUITests.swift */ = {isa = PBXFileReference; lastKnownFileType = sourcecode.swift; path = Weather_App_TaskUITests.swift; sourceTree = "<group>"; };
		84F4B03628C3D0D80047FC6D /* Weather_App_TaskUITestsLaunchTests.swift */ = {isa = PBXFileReference; lastKnownFileType = sourcecode.swift; path = Weather_App_TaskUITestsLaunchTests.swift; sourceTree = "<group>"; };
		84F4B04328C3D2910047FC6D /* ApiServices.swift */ = {isa = PBXFileReference; lastKnownFileType = sourcecode.swift; path = ApiServices.swift; sourceTree = "<group>"; };
		84F4B04728C3D3380047FC6D /* Extension.swift */ = {isa = PBXFileReference; lastKnownFileType = sourcecode.swift; path = Extension.swift; sourceTree = "<group>"; };
/* End PBXFileReference section */

/* Begin PBXFrameworksBuildPhase section */
		84F4B00A28C3D0D10047FC6D /* Frameworks */ = {
			isa = PBXFrameworksBuildPhase;
			buildActionMask = 2147483647;
			files = (
			);
			runOnlyForDeploymentPostprocessing = 0;
		};
		84F4B02328C3D0D80047FC6D /* Frameworks */ = {
			isa = PBXFrameworksBuildPhase;
			buildActionMask = 2147483647;
			files = (
			);
			runOnlyForDeploymentPostprocessing = 0;
		};
		84F4B02D28C3D0D80047FC6D /* Frameworks */ = {
			isa = PBXFrameworksBuildPhase;
			buildActionMask = 2147483647;
			files = (
			);
			runOnlyForDeploymentPostprocessing = 0;
		};
/* End PBXFrameworksBuildPhase section */

/* Begin PBXGroup section */
		84F4B00428C3D0D10047FC6D = {
			isa = PBXGroup;
			children = (
				84F4B00F28C3D0D10047FC6D /* Weather App Task */,
				84F4B02928C3D0D80047FC6D /* Weather App TaskTests */,
				84F4B03328C3D0D80047FC6D /* Weather App TaskUITests */,
				84F4B00E28C3D0D10047FC6D /* Products */,
			);
			sourceTree = "<group>";
		};
		84F4B00E28C3D0D10047FC6D /* Products */ = {
			isa = PBXGroup;
			children = (
				84F4B00D28C3D0D10047FC6D /* Weather App Task.app */,
				84F4B02628C3D0D80047FC6D /* Weather App TaskTests.xctest */,
				84F4B03028C3D0D80047FC6D /* Weather App TaskUITests.xctest */,
			);
			name = Products;
			sourceTree = "<group>";
		};
		84F4B00F28C3D0D10047FC6D /* Weather App Task */ = {
			isa = PBXGroup;
			children = (
				84F4B01028C3D0D10047FC6D /* AppDelegate.swift */,
				84F4B01228C3D0D10047FC6D /* SceneDelegate.swift */,
				84F4B01428C3D0D10047FC6D /* ViewController.swift */,
				84F4B04328C3D2910047FC6D /* ApiServices.swift */,
				84F4B05B28C3EF790047FC6D /* WeatherModel */,
				84F4B04728C3D3380047FC6D /* Extension.swift */,
				84F4B01C28C3D0D80047FC6D /* Assets.xcassets */,
				84F4B01E28C3D0D80047FC6D /* LaunchScreen.storyboard */,
				84F4B02128C3D0D80047FC6D /* Info.plist */,
			);
			path = "Weather App Task";
			sourceTree = "<group>";
		};
		84F4B02928C3D0D80047FC6D /* Weather App TaskTests */ = {
			isa = PBXGroup;
			children = (
				84F4B02A28C3D0D80047FC6D /* Weather_App_TaskTests.swift */,
			);
			path = "Weather App TaskTests";
			sourceTree = "<group>";
		};
		84F4B03328C3D0D80047FC6D /* Weather App TaskUITests */ = {
			isa = PBXGroup;
			children = (
				84F4B03428C3D0D80047FC6D /* Weather_App_TaskUITests.swift */,
				84F4B03628C3D0D80047FC6D /* Weather_App_TaskUITestsLaunchTests.swift */,
			);
			path = "Weather App TaskUITests";
			sourceTree = "<group>";
		};
		84F4B05B28C3EF790047FC6D /* WeatherModel */ = {
			isa = PBXGroup;
			children = (
				840E065128C462C2007C69FC /* Astro.swift */,
				840E065428C462C3007C69FC /* Condition.swift */,
				840E065328C462C2007C69FC /* Current.swift */,
				840E065928C462C3007C69FC /* Day.swift */,
				840E065528C462C3007C69FC /* Forecast.swift */,
				840E065728C462C3007C69FC /* Forecastday.swift */,
				840E065628C462C3007C69FC /* Hour.swift */,
				840E065228C462C2007C69FC /* Location.swift */,
				840E065828C462C3007C69FC /* Weather.swift */,
			);
			path = WeatherModel;
			sourceTree = "<group>";
		};
/* End PBXGroup section */

/* Begin PBXNativeTarget section */
		84F4B00C28C3D0D10047FC6D /* Weather App Task */ = {
			isa = PBXNativeTarget;
			buildConfigurationList = 84F4B03A28C3D0D80047FC6D /* Build configuration list for PBXNativeTarget "Weather App Task" */;
			buildPhases = (
				84F4B00928C3D0D10047FC6D /* Sources */,
				84F4B00A28C3D0D10047FC6D /* Frameworks */,
				84F4B00B28C3D0D10047FC6D /* Resources */,
			);
			buildRules = (
			);
			dependencies = (
			);
			name = "Weather App Task";
			productName = "Weather App Task";
			productReference = 84F4B00D28C3D0D10047FC6D /* Weather App Task.app */;
			productType = "com.apple.product-type.application";
		};
		84F4B02528C3D0D80047FC6D /* Weather App TaskTests */ = {
			isa = PBXNativeTarget;
			buildConfigurationList = 84F4B03D28C3D0D80047FC6D /* Build configuration list for PBXNativeTarget "Weather App TaskTests" */;
			buildPhases = (
				84F4B02228C3D0D80047FC6D /* Sources */,
				84F4B02328C3D0D80047FC6D /* Frameworks */,
				84F4B02428C3D0D80047FC6D /* Resources */,
			);
			buildRules = (
			);
			dependencies = (
				84F4B02828C3D0D80047FC6D /* PBXTargetDependency */,
			);
			name = "Weather App TaskTests";
			productName = "Weather App TaskTests";
			productReference = 84F4B02628C3D0D80047FC6D /* Weather App TaskTests.xctest */;
			productType = "com.apple.product-type.bundle.unit-test";
		};
		84F4B02F28C3D0D80047FC6D /* Weather App TaskUITests */ = {
			isa = PBXNativeTarget;
			buildConfigurationList = 84F4B04028C3D0D80047FC6D /* Build configuration list for PBXNativeTarget "Weather App TaskUITests" */;
			buildPhases = (
				84F4B02C28C3D0D80047FC6D /* Sources */,
				84F4B02D28C3D0D80047FC6D /* Frameworks */,
				84F4B02E28C3D0D80047FC6D /* Resources */,
			);
			buildRules = (
			);
			dependencies = (
				84F4B03228C3D0D80047FC6D /* PBXTargetDependency */,
			);
			name = "Weather App TaskUITests";
			productName = "Weather App TaskUITests";
			productReference = 84F4B03028C3D0D80047FC6D /* Weather App TaskUITests.xctest */;
			productType = "com.apple.product-type.bundle.ui-testing";
		};
/* End PBXNativeTarget section */

/* Begin PBXProject section */
		84F4B00528C3D0D10047FC6D /* Project object */ = {
			isa = PBXProject;
			attributes = {
				BuildIndependentTargetsInParallel = 1;
				LastSwiftUpdateCheck = 1340;
				LastUpgradeCheck = 1340;
				TargetAttributes = {
					84F4B00C28C3D0D10047FC6D = {
						CreatedOnToolsVersion = 13.4.1;
					};
					84F4B02528C3D0D80047FC6D = {
						CreatedOnToolsVersion = 13.4.1;
						TestTargetID = 84F4B00C28C3D0D10047FC6D;
					};
					84F4B02F28C3D0D80047FC6D = {
						CreatedOnToolsVersion = 13.4.1;
						TestTargetID = 84F4B00C28C3D0D10047FC6D;
					};
				};
			};
			buildConfigurationList = 84F4B00828C3D0D10047FC6D /* Build configuration list for PBXProject "Weather App Task" */;
			compatibilityVersion = "Xcode 13.0";
			developmentRegion = en;
			hasScannedForEncodings = 0;
			knownRegions = (
				en,
				Base,
			);
			mainGroup = 84F4B00428C3D0D10047FC6D;
			productRefGroup = 84F4B00E28C3D0D10047FC6D /* Products */;
			projectDirPath = "";
			projectRoot = "";
			targets = (
				84F4B00C28C3D0D10047FC6D /* Weather App Task */,
				84F4B02528C3D0D80047FC6D /* Weather App TaskTests */,
				84F4B02F28C3D0D80047FC6D /* Weather App TaskUITests */,
			);
		};
/* End PBXProject section */

/* Begin PBXResourcesBuildPhase section */
		84F4B00B28C3D0D10047FC6D /* Resources */ = {
			isa = PBXResourcesBuildPhase;
			buildActionMask = 2147483647;
			files = (
				84F4B02028C3D0D80047FC6D /* LaunchScreen.storyboard in Resources */,
				84F4B01D28C3D0D80047FC6D /* Assets.xcassets in Resources */,
			);
			runOnlyForDeploymentPostprocessing = 0;
		};
		84F4B02428C3D0D80047FC6D /* Resources */ = {
			isa = PBXResourcesBuildPhase;
			buildActionMask = 2147483647;
			files = (
			);
			runOnlyForDeploymentPostprocessing = 0;
		};
		84F4B02E28C3D0D80047FC6D /* Resources */ = {
			isa = PBXResourcesBuildPhase;
			buildActionMask = 2147483647;
			files = (
			);
			runOnlyForDeploymentPostprocessing = 0;
		};
/* End PBXResourcesBuildPhase section */

/* Begin PBXSourcesBuildPhase section */
		84F4B00928C3D0D10047FC6D /* Sources */ = {
			isa = PBXSourcesBuildPhase;
			buildActionMask = 2147483647;
			files = (
				840E065C28C462C3007C69FC /* Current.swift in Sources */,
				840E065D28C462C3007C69FC /* Condition.swift in Sources */,
				84F4B01528C3D0D10047FC6D /* ViewController.swift in Sources */,
				84F4B01128C3D0D10047FC6D /* AppDelegate.swift in Sources */,
				840E065B28C462C3007C69FC /* Location.swift in Sources */,
				840E065A28C462C3007C69FC /* Astro.swift in Sources */,
				840E066028C462C3007C69FC /* Forecastday.swift in Sources */,
				84F4B04828C3D3380047FC6D /* Extension.swift in Sources */,
				840E066128C462C3007C69FC /* Weather.swift in Sources */,
				840E065E28C462C3007C69FC /* Forecast.swift in Sources */,
				84F4B01328C3D0D10047FC6D /* SceneDelegate.swift in Sources */,
				840E066228C462C3007C69FC /* Day.swift in Sources */,
				84F4B04428C3D2910047FC6D /* ApiServices.swift in Sources */,
				840E065F28C462C3007C69FC /* Hour.swift in Sources */,
			);
			runOnlyForDeploymentPostprocessing = 0;
		};
		84F4B02228C3D0D80047FC6D /* Sources */ = {
			isa = PBXSourcesBuildPhase;
			buildActionMask = 2147483647;
			files = (
				84F4B02B28C3D0D80047FC6D /* Weather_App_TaskTests.swift in Sources */,
			);
			runOnlyForDeploymentPostprocessing = 0;
		};
		84F4B02C28C3D0D80047FC6D /* Sources */ = {
			isa = PBXSourcesBuildPhase;
			buildActionMask = 2147483647;
			files = (
				84F4B03728C3D0D80047FC6D /* Weather_App_TaskUITestsLaunchTests.swift in Sources */,
				84F4B03528C3D0D80047FC6D /* Weather_App_TaskUITests.swift in Sources */,
			);
			runOnlyForDeploymentPostprocessing = 0;
		};
/* End PBXSourcesBuildPhase section */

/* Begin PBXTargetDependency section */
		84F4B02828C3D0D80047FC6D /* PBXTargetDependency */ = {
			isa = PBXTargetDependency;
			target = 84F4B00C28C3D0D10047FC6D /* Weather App Task */;
			targetProxy = 84F4B02728C3D0D80047FC6D /* PBXContainerItemProxy */;
		};
		84F4B03228C3D0D80047FC6D /* PBXTargetDependency */ = {
			isa = PBXTargetDependency;
			target = 84F4B00C28C3D0D10047FC6D /* Weather App Task */;
			targetProxy = 84F4B03128C3D0D80047FC6D /* PBXContainerItemProxy */;
		};
/* End PBXTargetDependency section */

/* Begin PBXVariantGroup section */
		84F4B01E28C3D0D80047FC6D /* LaunchScreen.storyboard */ = {
			isa = PBXVariantGroup;
			children = (
				84F4B01F28C3D0D80047FC6D /* Base */,
			);
			name = LaunchScreen.storyboard;
			sourceTree = "<group>";
		};
/* End PBXVariantGroup section */

/* Begin XCBuildConfiguration section */
		84F4B03828C3D0D80047FC6D /* Debug */ = {
			isa = XCBuildConfiguration;
			buildSettings = {
				ALWAYS_SEARCH_USER_PATHS = NO;
				CLANG_ANALYZER_NONNULL = YES;
				CLANG_ANALYZER_NUMBER_OBJECT_CONVERSION = YES_AGGRESSIVE;
				CLANG_CXX_LANGUAGE_STANDARD = "gnu++17";
				CLANG_ENABLE_MODULES = YES;
				CLANG_ENABLE_OBJC_ARC = YES;
				CLANG_ENABLE_OBJC_WEAK = YES;
				CLANG_WARN_BLOCK_CAPTURE_AUTORELEASING = YES;
				CLANG_WARN_BOOL_CONVERSION = YES;
				CLANG_WARN_COMMA = YES;
				CLANG_WARN_CONSTANT_CONVERSION = YES;
				CLANG_WARN_DEPRECATED_OBJC_IMPLEMENTATIONS = YES;
				CLANG_WARN_DIRECT_OBJC_ISA_USAGE = YES_ERROR;
				CLANG_WARN_DOCUMENTATION_COMMENTS = YES;
				CLANG_WARN_EMPTY_BODY = YES;
				CLANG_WARN_ENUM_CONVERSION = YES;
				CLANG_WARN_INFINITE_RECURSION = YES;
				CLANG_WARN_INT_CONVERSION = YES;
				CLANG_WARN_NON_LITERAL_NULL_CONVERSION = YES;
				CLANG_WARN_OBJC_IMPLICIT_RETAIN_SELF = YES;
				CLANG_WARN_OBJC_LITERAL_CONVERSION = YES;
				CLANG_WARN_OBJC_ROOT_CLASS = YES_ERROR;
				CLANG_WARN_QUOTED_INCLUDE_IN_FRAMEWORK_HEADER = YES;
				CLANG_WARN_RANGE_LOOP_ANALYSIS = YES;
				CLANG_WARN_STRICT_PROTOTYPES = YES;
				CLANG_WARN_SUSPICIOUS_MOVE = YES;
				CLANG_WARN_UNGUARDED_AVAILABILITY = YES_AGGRESSIVE;
				CLANG_WARN_UNREACHABLE_CODE = YES;
				CLANG_WARN__DUPLICATE_METHOD_MATCH = YES;
				COPY_PHASE_STRIP = NO;
				DEBUG_INFORMATION_FORMAT = dwarf;
				ENABLE_STRICT_OBJC_MSGSEND = YES;
				ENABLE_TESTABILITY = YES;
				GCC_C_LANGUAGE_STANDARD = gnu11;
				GCC_DYNAMIC_NO_PIC = NO;
				GCC_NO_COMMON_BLOCKS = YES;
				GCC_OPTIMIZATION_LEVEL = 0;
				GCC_PREPROCESSOR_DEFINITIONS = (
					"DEBUG=1",
					"$(inherited)",
				);
				GCC_WARN_64_TO_32_BIT_CONVERSION = YES;
				GCC_WARN_ABOUT_RETURN_TYPE = YES_ERROR;
				GCC_WARN_UNDECLARED_SELECTOR = YES;
				GCC_WARN_UNINITIALIZED_AUTOS = YES_AGGRESSIVE;
				GCC_WARN_UNUSED_FUNCTION = YES;
				GCC_WARN_UNUSED_VARIABLE = YES;
				IPHONEOS_DEPLOYMENT_TARGET = 15.5;
				MTL_ENABLE_DEBUG_INFO = INCLUDE_SOURCE;
				MTL_FAST_MATH = YES;
				ONLY_ACTIVE_ARCH = YES;
				SDKROOT = iphoneos;
				SWIFT_ACTIVE_COMPILATION_CONDITIONS = DEBUG;
				SWIFT_OPTIMIZATION_LEVEL = "-Onone";
			};
			name = Debug;
		};
		84F4B03928C3D0D80047FC6D /* Release */ = {
			isa = XCBuildConfiguration;
			buildSettings = {
				ALWAYS_SEARCH_USER_PATHS = NO;
				CLANG_ANALYZER_NONNULL = YES;
				CLANG_ANALYZER_NUMBER_OBJECT_CONVERSION = YES_AGGRESSIVE;
				CLANG_CXX_LANGUAGE_STANDARD = "gnu++17";
				CLANG_ENABLE_MODULES = YES;
				CLANG_ENABLE_OBJC_ARC = YES;
				CLANG_ENABLE_OBJC_WEAK = YES;
				CLANG_WARN_BLOCK_CAPTURE_AUTORELEASING = YES;
				CLANG_WARN_BOOL_CONVERSION = YES;
				CLANG_WARN_COMMA = YES;
				CLANG_WARN_CONSTANT_CONVERSION = YES;
				CLANG_WARN_DEPRECATED_OBJC_IMPLEMENTATIONS = YES;
				CLANG_WARN_DIRECT_OBJC_ISA_USAGE = YES_ERROR;
				CLANG_WARN_DOCUMENTATION_COMMENTS = YES;
				CLANG_WARN_EMPTY_BODY = YES;
				CLANG_WARN_ENUM_CONVERSION = YES;
				CLANG_WARN_INFINITE_RECURSION = YES;
				CLANG_WARN_INT_CONVERSION = YES;
				CLANG_WARN_NON_LITERAL_NULL_CONVERSION = YES;
				CLANG_WARN_OBJC_IMPLICIT_RETAIN_SELF = YES;
				CLANG_WARN_OBJC_LITERAL_CONVERSION = YES;
				CLANG_WARN_OBJC_ROOT_CLASS = YES_ERROR;
				CLANG_WARN_QUOTED_INCLUDE_IN_FRAMEWORK_HEADER = YES;
				CLANG_WARN_RANGE_LOOP_ANALYSIS = YES;
				CLANG_WARN_STRICT_PROTOTYPES = YES;
				CLANG_WARN_SUSPICIOUS_MOVE = YES;
				CLANG_WARN_UNGUARDED_AVAILABILITY = YES_AGGRESSIVE;
				CLANG_WARN_UNREACHABLE_CODE = YES;
				CLANG_WARN__DUPLICATE_METHOD_MATCH = YES;
				COPY_PHASE_STRIP = NO;
				DEBUG_INFORMATION_FORMAT = "dwarf-with-dsym";
				ENABLE_NS_ASSERTIONS = NO;
				ENABLE_STRICT_OBJC_MSGSEND = YES;
				GCC_C_LANGUAGE_STANDARD = gnu11;
				GCC_NO_COMMON_BLOCKS = YES;
				GCC_WARN_64_TO_32_BIT_CONVERSION = YES;
				GCC_WARN_ABOUT_RETURN_TYPE = YES_ERROR;
				GCC_WARN_UNDECLARED_SELECTOR = YES;
				GCC_WARN_UNINITIALIZED_AUTOS = YES_AGGRESSIVE;
				GCC_WARN_UNUSED_FUNCTION = YES;
				GCC_WARN_UNUSED_VARIABLE = YES;
				IPHONEOS_DEPLOYMENT_TARGET = 15.5;
				MTL_ENABLE_DEBUG_INFO = NO;
				MTL_FAST_MATH = YES;
				SDKROOT = iphoneos;
				SWIFT_COMPILATION_MODE = wholemodule;
				SWIFT_OPTIMIZATION_LEVEL = "-O";
				VALIDATE_PRODUCT = YES;
			};
			name = Release;
		};
		84F4B03B28C3D0D80047FC6D /* Debug */ = {
			isa = XCBuildConfiguration;
			buildSettings = {
				ASSETCATALOG_COMPILER_APPICON_NAME = AppIcon;
				ASSETCATALOG_COMPILER_GLOBAL_ACCENT_COLOR_NAME = AccentColor;
				CODE_SIGN_STYLE = Automatic;
				CURRENT_PROJECT_VERSION = 1;
				DEVELOPMENT_TEAM = 5E529H4569;
				GENERATE_INFOPLIST_FILE = YES;
				INFOPLIST_FILE = "Weather App Task/Info.plist";
				INFOPLIST_KEY_UIApplicationSupportsIndirectInputEvents = YES;
				INFOPLIST_KEY_UILaunchStoryboardName = LaunchScreen;
				INFOPLIST_KEY_UISupportedInterfaceOrientations_iPad = "UIInterfaceOrientationPortrait UIInterfaceOrientationPortraitUpsideDown UIInterfaceOrientationLandscapeLeft UIInterfaceOrientationLandscapeRight";
				INFOPLIST_KEY_UISupportedInterfaceOrientations_iPhone = "UIInterfaceOrientationPortrait UIInterfaceOrientationLandscapeLeft UIInterfaceOrientationLandscapeRight";
				IPHONEOS_DEPLOYMENT_TARGET = 13.0;
				LD_RUNPATH_SEARCH_PATHS = (
					"$(inherited)",
					"@executable_path/Frameworks",
				);
				MARKETING_VERSION = 1.0;
				PRODUCT_BUNDLE_IDENTIFIER = "com.SoftwareGroup.Weather-App-Task";
				PRODUCT_NAME = "$(TARGET_NAME)";
				SWIFT_EMIT_LOC_STRINGS = YES;
				SWIFT_VERSION = 5.0;
				TARGETED_DEVICE_FAMILY = "1,2";
			};
			name = Debug;
		};
		84F4B03C28C3D0D80047FC6D /* Release */ = {
			isa = XCBuildConfiguration;
			buildSettings = {
				ASSETCATALOG_COMPILER_APPICON_NAME = AppIcon;
				ASSETCATALOG_COMPILER_GLOBAL_ACCENT_COLOR_NAME = AccentColor;
				CODE_SIGN_STYLE = Automatic;
				CURRENT_PROJECT_VERSION = 1;
				DEVELOPMENT_TEAM = 5E529H4569;
				GENERATE_INFOPLIST_FILE = YES;
				INFOPLIST_FILE = "Weather App Task/Info.plist";
				INFOPLIST_KEY_UIApplicationSupportsIndirectInputEvents = YES;
				INFOPLIST_KEY_UILaunchStoryboardName = LaunchScreen;
				INFOPLIST_KEY_UISupportedInterfaceOrientations_iPad = "UIInterfaceOrientationPortrait UIInterfaceOrientationPortraitUpsideDown UIInterfaceOrientationLandscapeLeft UIInterfaceOrientationLandscapeRight";
				INFOPLIST_KEY_UISupportedInterfaceOrientations_iPhone = "UIInterfaceOrientationPortrait UIInterfaceOrientationLandscapeLeft UIInterfaceOrientationLandscapeRight";
				IPHONEOS_DEPLOYMENT_TARGET = 13.0;
				LD_RUNPATH_SEARCH_PATHS = (
					"$(inherited)",
					"@executable_path/Frameworks",
				);
				MARKETING_VERSION = 1.0;
				PRODUCT_BUNDLE_IDENTIFIER = "com.SoftwareGroup.Weather-App-Task";
				PRODUCT_NAME = "$(TARGET_NAME)";
				SWIFT_EMIT_LOC_STRINGS = YES;
				SWIFT_VERSION = 5.0;
				TARGETED_DEVICE_FAMILY = "1,2";
			};
			name = Release;
		};
		84F4B03E28C3D0D80047FC6D /* Debug */ = {
			isa = XCBuildConfiguration;
			buildSettings = {
				ALWAYS_EMBED_SWIFT_STANDARD_LIBRARIES = YES;
				BUNDLE_LOADER = "$(TEST_HOST)";
				CODE_SIGN_STYLE = Automatic;
				CURRENT_PROJECT_VERSION = 1;
				DEVELOPMENT_TEAM = 5E529H4569;
				GENERATE_INFOPLIST_FILE = YES;
				IPHONEOS_DEPLOYMENT_TARGET = 15.5;
				MARKETING_VERSION = 1.0;
				PRODUCT_BUNDLE_IDENTIFIER = "com.SoftwareGroup.Weather-App-TaskTests";
				PRODUCT_NAME = "$(TARGET_NAME)";
				SWIFT_EMIT_LOC_STRINGS = NO;
				SWIFT_VERSION = 5.0;
				TARGETED_DEVICE_FAMILY = "1,2";
				TEST_HOST = "$(BUILT_PRODUCTS_DIR)/Weather App Task.app/Weather App Task";
			};
			name = Debug;
		};
		84F4B03F28C3D0D80047FC6D /* Release */ = {
			isa = XCBuildConfiguration;
			buildSettings = {
				ALWAYS_EMBED_SWIFT_STANDARD_LIBRARIES = YES;
				BUNDLE_LOADER = "$(TEST_HOST)";
				CODE_SIGN_STYLE = Automatic;
				CURRENT_PROJECT_VERSION = 1;
				DEVELOPMENT_TEAM = 5E529H4569;
				GENERATE_INFOPLIST_FILE = YES;
				IPHONEOS_DEPLOYMENT_TARGET = 15.5;
				MARKETING_VERSION = 1.0;
				PRODUCT_BUNDLE_IDENTIFIER = "com.SoftwareGroup.Weather-App-TaskTests";
				PRODUCT_NAME = "$(TARGET_NAME)";
				SWIFT_EMIT_LOC_STRINGS = NO;
				SWIFT_VERSION = 5.0;
				TARGETED_DEVICE_FAMILY = "1,2";
				TEST_HOST = "$(BUILT_PRODUCTS_DIR)/Weather App Task.app/Weather App Task";
			};
			name = Release;
		};
		84F4B04128C3D0D80047FC6D /* Debug */ = {
			isa = XCBuildConfiguration;
			buildSettings = {
				ALWAYS_EMBED_SWIFT_STANDARD_LIBRARIES = YES;
				CODE_SIGN_STYLE = Automatic;
				CURRENT_PROJECT_VERSION = 1;
				DEVELOPMENT_TEAM = 5E529H4569;
				GENERATE_INFOPLIST_FILE = YES;
				MARKETING_VERSION = 1.0;
				PRODUCT_BUNDLE_IDENTIFIER = "com.SoftwareGroup.Weather-App-TaskUITests";
				PRODUCT_NAME = "$(TARGET_NAME)";
				SWIFT_EMIT_LOC_STRINGS = NO;
				SWIFT_VERSION = 5.0;
				TARGETED_DEVICE_FAMILY = "1,2";
				TEST_TARGET_NAME = "Weather App Task";
			};
			name = Debug;
		};
		84F4B04228C3D0D80047FC6D /* Release */ = {
			isa = XCBuildConfiguration;
			buildSettings = {
				ALWAYS_EMBED_SWIFT_STANDARD_LIBRARIES = YES;
				CODE_SIGN_STYLE = Automatic;
				CURRENT_PROJECT_VERSION = 1;
				DEVELOPMENT_TEAM = 5E529H4569;
				GENERATE_INFOPLIST_FILE = YES;
				MARKETING_VERSION = 1.0;
				PRODUCT_BUNDLE_IDENTIFIER = "com.SoftwareGroup.Weather-App-TaskUITests";
				PRODUCT_NAME = "$(TARGET_NAME)";
				SWIFT_EMIT_LOC_STRINGS = NO;
				SWIFT_VERSION = 5.0;
				TARGETED_DEVICE_FAMILY = "1,2";
				TEST_TARGET_NAME = "Weather App Task";
			};
			name = Release;
		};
/* End XCBuildConfiguration section */

/* Begin XCConfigurationList section */
		84F4B00828C3D0D10047FC6D /* Build configuration list for PBXProject "Weather App Task" */ = {
			isa = XCConfigurationList;
			buildConfigurations = (
				84F4B03828C3D0D80047FC6D /* Debug */,
				84F4B03928C3D0D80047FC6D /* Release */,
			);
			defaultConfigurationIsVisible = 0;
			defaultConfigurationName = Release;
		};
		84F4B03A28C3D0D80047FC6D /* Build configuration list for PBXNativeTarget "Weather App Task" */ = {
			isa = XCConfigurationList;
			buildConfigurations = (
				84F4B03B28C3D0D80047FC6D /* Debug */,
				84F4B03C28C3D0D80047FC6D /* Release */,
			);
			defaultConfigurationIsVisible = 0;
			defaultConfigurationName = Release;
		};
		84F4B03D28C3D0D80047FC6D /* Build configuration list for PBXNativeTarget "Weather App TaskTests" */ = {
			isa = XCConfigurationList;
			buildConfigurations = (
				84F4B03E28C3D0D80047FC6D /* Debug */,
				84F4B03F28C3D0D80047FC6D /* Release */,
			);
			defaultConfigurationIsVisible = 0;
			defaultConfigurationName = Release;
		};
		84F4B04028C3D0D80047FC6D /* Build configuration list for PBXNativeTarget "Weather App TaskUITests" */ = {
			isa = XCConfigurationList;
			buildConfigurations = (
				84F4B04128C3D0D80047FC6D /* Debug */,
				84F4B04228C3D0D80047FC6D /* Release */,
			);
			defaultConfigurationIsVisible = 0;
			defaultConfigurationName = Release;
		};
/* End XCConfigurationList section */
	};
	rootObject = 84F4B00528C3D0D10047FC6D /* Project object */;
}
